
Microsoft Visual Studio Solution File, Format Version 12.00
# Visual Studio Version 17
VisualStudioVersion = 17.5.002.0
MinimumVisualStudioVersion = 10.0.40219.1
Project("{9A19103F-16F7-4668-BE54-9A1E7A4F7556}") = "DockerComposeDemoApp", "DockerComposeDemoApp.csproj", "{D55694FC-D609-4308-9E78-DAF46945C01B}"
EndProject
Global
	GlobalSection(SolutionConfigurationPlatforms) = preSolution
		Debug|Any CPU = Debug|Any CPU
		Release|Any CPU = Release|Any CPU
	EndGlobalSection
	GlobalSection(ProjectConfigurationPlatforms) = postSolution
		{D55694FC-D609-4308-9E78-DAF46945C01B}.Debug|Any CPU.ActiveCfg = Debug|Any CPU
		{D55694FC-D609-4308-9E78-DAF46945C01B}.Debug|Any CPU.Build.0 = Debug|Any CPU
		{D55694FC-D609-4308-9E78-DAF46945C01B}.Release|Any CPU.ActiveCfg = Release|Any CPU
		{D55694FC-D609-4308-9E78-DAF46945C01B}.Release|Any CPU.Build.0 = Release|Any CPU
	EndGlobalSection
	GlobalSection(SolutionProperties) = preSolution
		HideSolutionNode = FALSE
	EndGlobalSection
	GlobalSection(ExtensibilityGlobals) = postSolution
		SolutionGuid = {43D8EA2C-8D34-4E64-AA8C-F6E926146668}
	EndGlobalSection
EndGlobal
